{
  "nodes": {
    "berberman": {
      "inputs": {
        "nixpkgs": [
          "nixpkgs"
        ],
        "nvfetcher": [
          "nvfetcher"
        ]
      },
      "locked": {
        "lastModified": 1705327869,
        "narHash": "sha256-IiogtWmJTIzrAKrDpXYu5bPKzs5CRiCYZ3mk4bRpb8s=",
        "owner": "berberman",
        "repo": "flakes",
        "rev": "bfd6f3b947ed13240ded587964785204e105b6d4",
        "type": "github"
      },
      "original": {
        "owner": "berberman",
        "repo": "flakes",
        "type": "github"
      }
    },
    "colmena": {
      "inputs": {
        "flake-compat": [
          "flake-compat"
        ],
        "flake-utils": [
          "flake-utils"
        ],
        "nixpkgs": [
          "nixpkgs"
        ],
        "stable": [
          "nixpkgs"
        ]
      },
      "locked": {
        "lastModified": 1699171528,
        "narHash": "sha256-ZsN6y+tgN5w84oAqRQpMhIvQM39ZNSZoZvn2AK0QYr4=",
        "owner": "zhaofengli",
        "repo": "colmena",
        "rev": "665603956a1c3040d756987bc7a810ffe86a3b15",
        "type": "github"
      },
      "original": {
        "owner": "zhaofengli",
        "repo": "colmena",
        "type": "github"
      }
    },
    "flake-compat": {
      "flake": false,
      "locked": {
        "lastModified": 1696426674,
        "narHash": "sha256-kvjfFW7WAETZlt09AgDn1MrtKzP7t90Vf7vypd3OL1U=",
        "owner": "edolstra",
        "repo": "flake-compat",
        "rev": "0f9255e01c2351cc7d116c072cb317785dd33b33",
        "type": "github"
      },
      "original": {
        "owner": "edolstra",
        "repo": "flake-compat",
        "type": "github"
      }
    },
    "flake-utils": {
      "inputs": {
        "systems": [
          "systems"
        ]
      },
      "locked": {
        "lastModified": 1705309234,
        "narHash": "sha256-uNRRNRKmJyCRC/8y1RqBkqWBLM034y4qN7EprSdmgyA=",
        "owner": "numtide",
        "repo": "flake-utils",
        "rev": "1ef2e671c3b0c19053962c07dbda38332dcebf26",
        "type": "github"
      },
      "original": {
        "owner": "numtide",
        "repo": "flake-utils",
        "type": "github"
      }
    },
    "home-manager": {
      "inputs": {
        "nixpkgs": [
          "nixpkgs"
        ]
      },
      "locked": {
        "lastModified": 1705347059,
        "narHash": "sha256-MSdJZDeyBIjf1SAZ7OvA44b00zUGTrDxkAm9vVR+XRk=",
        "owner": "nix-community",
        "repo": "home-manager",
        "rev": "8c3b2a0cab64a464de9e41a470eecf1318ccff57",
        "type": "github"
      },
      "original": {
        "owner": "nix-community",
        "repo": "home-manager",
        "type": "github"
      }
    },
    "impermanence": {
      "locked": {
        "lastModified": 1703656108,
        "narHash": "sha256-hCSUqdFJKHHbER8Cenf5JRzjMlBjIdwdftGQsO0xoJs=",
        "owner": "nix-community",
        "repo": "impermanence",
        "rev": "033643a45a4a920660ef91caa391fbffb14da466",
        "type": "github"
      },
      "original": {
        "owner": "nix-community",
        "repo": "impermanence",
        "type": "github"
      }
    },
    "nix-index-database": {
      "inputs": {
        "nixpkgs": [
          "nixpkgs"
        ]
      },
      "locked": {
        "lastModified": 1705282324,
        "narHash": "sha256-LnURMA7yCM5t7et9O2+2YfGQh0FKAfE5GyahNDDzJVM=",
        "owner": "nix-community",
        "repo": "nix-index-database",
        "rev": "49aaeecf41ae0a0944e2c627cb515bcde428a1d1",
        "type": "github"
      },
      "original": {
        "owner": "nix-community",
        "repo": "nix-index-database",
        "type": "github"
      }
    },
    "nix-vscode-extensions": {
      "inputs": {
        "flake-compat": [
          "flake-compat"
        ],
        "flake-utils": [
          "flake-utils"
        ],
        "nixpkgs": [
          "nixpkgs"
        ]
      },
      "locked": {
        "lastModified": 1705281787,
        "narHash": "sha256-q1peRaGxQb05mzfSyB7D9PhVL8dK3YoVSGUKfKvXxoU=",
        "owner": "nix-community",
        "repo": "nix-vscode-extensions",
        "rev": "2357e0e02e954ad5b3a85bae108fc4c8804e0d26",
        "type": "github"
      },
      "original": {
        "owner": "nix-community",
        "repo": "nix-vscode-extensions",
        "type": "github"
      }
    },
    "nixpkgs": {
      "locked": {
        "lastModified": 1705293701,
        "narHash": "sha256-yJs738MxB+RsxGETqESof15lRJ5za6s3NmhjbXt8Kt4=",
        "owner": "NixOS",
        "repo": "nixpkgs",
        "rev": "715fac4e39626ca0d24481f3d1fdd54dbeeaced8",
        "type": "github"
      },
      "original": {
        "owner": "NixOS",
        "ref": "nixos-unstable-small",
        "repo": "nixpkgs",
        "type": "github"
      }
    },
    "nvfetcher": {
      "inputs": {
        "flake-compat": [
          "flake-compat"
        ],
        "flake-utils": [
          "flake-utils"
        ],
        "nixpkgs": [
          "nixpkgs"
        ]
      },
      "locked": {
        "lastModified": 1693539235,
        "narHash": "sha256-ACmCq1+RnVq+EB7yeN6fThUR3cCJZb6lKEfv937WG84=",
        "owner": "berberman",
        "repo": "nvfetcher",
        "rev": "2bcf73dea96497ac9c36ed320b457caa705f9485",
        "type": "github"
      },
      "original": {
        "owner": "berberman",
        "repo": "nvfetcher",
        "type": "github"
      }
    },
    "root": {
      "inputs": {
        "berberman": "berberman",
        "colmena": "colmena",
        "flake-compat": "flake-compat",
        "flake-utils": "flake-utils",
        "home-manager": "home-manager",
        "impermanence": "impermanence",
        "nix-index-database": "nix-index-database",
        "nix-vscode-extensions": "nix-vscode-extensions",
        "nixpkgs": "nixpkgs",
        "nvfetcher": "nvfetcher",
        "sops-nix": "sops-nix",
        "systems": "systems"
      }
    },
    "sops-nix": {
      "inputs": {
        "nixpkgs": [
          "nixpkgs"
        ],
        "nixpkgs-stable": [
          "nixpkgs"
        ]
      },
      "locked": {
        "lastModified": 1705356877,
        "narHash": "sha256-274jL1cH64DcXUXebVMZBRUsTs3FvFlPIPkCN/yhSnI=",
        "owner": "Mic92",
        "repo": "sops-nix",
        "rev": "87755331580fdf23df7e39b46d63ac88236bf42c",
        "type": "github"
      },
      "original": {
        "owner": "Mic92",
        "repo": "sops-nix",
        "type": "github"
      }
    },
    "systems": {
      "locked": {
        "lastModified": 1681028828,
        "narHash": "sha256-Vy1rq5AaRuLzOxct8nz4T6wlgyUR7zLU309k9mBC768=",
        "owner": "nix-systems",
        "repo": "default",
        "rev": "da67096a3b9bf56a91d16901293e51ba5b49a27e",
        "type": "github"
      },
      "original": {
        "owner": "nix-systems",
        "repo": "default",
        "type": "github"
      }
    }
  },
  "root": "root",
  "version": 7
}
