{
  "nodes": {
    "deploy-rs": {
      "inputs": {
        "flake-compat": [
          "flake-compat"
        ],
        "nixpkgs": [
          "nixpkgs"
        ],
        "utils": [
          "flake-utils"
        ]
      },
      "locked": {
        "lastModified": 1672327199,
        "narHash": "sha256-pFlngSHXKBhAmbaKZ4FYtu57LLunG+vWdL7a5vw1RvQ=",
        "owner": "serokell",
        "repo": "deploy-rs",
        "rev": "a5619f5660a00f58c2b7c16d89058e92327ac9b8",
        "type": "github"
      },
      "original": {
        "owner": "serokell",
        "repo": "deploy-rs",
        "type": "github"
      }
    },
    "flake-compat": {
      "flake": false,
      "locked": {
        "lastModified": 1668681692,
        "narHash": "sha256-Ht91NGdewz8IQLtWZ9LCeNXMSXHUss+9COoqu6JLmXU=",
        "owner": "edolstra",
        "repo": "flake-compat",
        "rev": "009399224d5e398d03b22badca40a37ac85412a1",
        "type": "github"
      },
      "original": {
        "owner": "edolstra",
        "repo": "flake-compat",
        "type": "github"
      }
    },
    "flake-utils": {
      "locked": {
        "lastModified": 1667395993,
        "narHash": "sha256-nuEHfE/LcWyuSWnS8t12N1wc105Qtau+/OdUAjtQ0rA=",
        "owner": "numtide",
        "repo": "flake-utils",
        "rev": "5aed5285a952e0b949eb3ba02c12fa4fcfef535f",
        "type": "github"
      },
      "original": {
        "owner": "numtide",
        "repo": "flake-utils",
        "type": "github"
      }
    },
    "home-manager": {
      "inputs": {
        "nixpkgs": [
          "nixpkgs"
        ],
        "utils": [
          "flake-utils"
        ]
      },
      "locked": {
        "lastModified": 1672780900,
        "narHash": "sha256-DxuSn6BdkZapIbg76xzYx1KhVPEZeBexMkt1q/sMVPA=",
        "owner": "nix-community",
        "repo": "home-manager",
        "rev": "54245e1820caabd8a0b53ce4d47e4d0fefe04cd4",
        "type": "github"
      },
      "original": {
        "owner": "nix-community",
        "repo": "home-manager",
        "type": "github"
      }
    },
    "impermanence": {
      "locked": {
        "lastModified": 1668668915,
        "narHash": "sha256-QjY4ZZbs9shwO4LaLpvlU2bO9J1juYhO9NtV3nrbnYQ=",
        "owner": "nix-community",
        "repo": "impermanence",
        "rev": "5df9108b346f8a42021bf99e50de89c9caa251c3",
        "type": "github"
      },
      "original": {
        "owner": "nix-community",
        "repo": "impermanence",
        "type": "github"
      }
    },
    "nixos-cn": {
      "inputs": {
        "flake-utils": [
          "flake-utils"
        ],
        "nixpkgs": [
          "nixpkgs"
        ]
      },
      "locked": {
        "lastModified": 1667484007,
        "narHash": "sha256-LVksnfMYdUp/QX3RCPKZgeHkoJuAgl59TiCUN44tR9s=",
        "owner": "nixos-cn",
        "repo": "flakes",
        "rev": "a69878f94a8a3241a420204d32b0439864f30ef7",
        "type": "github"
      },
      "original": {
        "owner": "nixos-cn",
        "repo": "flakes",
        "rev": "a69878f94a8a3241a420204d32b0439864f30ef7",
        "type": "github"
      }
    },
    "nixpkgs": {
      "locked": {
        "lastModified": 1672806314,
        "narHash": "sha256-CTXy+/Tldm0T5IDbtzQu22HuK1P51Nn3OaRaspg5b+w=",
        "owner": "NixOS",
        "repo": "nixpkgs",
        "rev": "469aec905bab3be98838c7eb996ceffb2ea44404",
        "type": "github"
      },
      "original": {
        "owner": "NixOS",
        "ref": "nixos-unstable-small",
        "repo": "nixpkgs",
        "type": "github"
      }
    },
    "nixpkgs-libtorrent-rasterbar": {
      "locked": {
        "lastModified": 1635939159,
        "narHash": "sha256-ZPJIg7Yu6hyJKexOfxnYDH0lFUKWQxjni/B5w3oAEV8=",
        "owner": "NixOS",
        "repo": "nixpkgs",
        "rev": "b42f0a0b45d33dec4a25508ea5293a4a016697a9",
        "type": "github"
      },
      "original": {
        "owner": "NixOS",
        "repo": "nixpkgs",
        "rev": "b42f0a0b45d33dec4a25508ea5293a4a016697a9",
        "type": "github"
      }
    },
    "nixpkgs-qbittorrent-nox": {
      "locked": {
        "lastModified": 1636384017,
        "narHash": "sha256-4F+tqNRXd6dgQFe0ZPcwcX58KtMSPoAypkhNwkI2ubw=",
        "owner": "NixOS",
        "repo": "nixpkgs",
        "rev": "56137af9f1b6f89329d55de169e0eefee57e8263",
        "type": "github"
      },
      "original": {
        "owner": "NixOS",
        "repo": "nixpkgs",
        "rev": "56137af9f1b6f89329d55de169e0eefee57e8263",
        "type": "github"
      }
    },
    "nixpkgs-stable": {
      "locked": {
        "lastModified": 1672500394,
        "narHash": "sha256-yzwBzCoeRBoRzm7ySHhm72kBG0QjgFalLz2FY48iLI4=",
        "owner": "NixOS",
        "repo": "nixpkgs",
        "rev": "feda52be1d59f13b9aa02f064b4f14784b9a06c8",
        "type": "github"
      },
      "original": {
        "owner": "NixOS",
        "ref": "release-22.11",
        "repo": "nixpkgs",
        "type": "github"
      }
    },
    "root": {
      "inputs": {
        "deploy-rs": "deploy-rs",
        "flake-compat": "flake-compat",
        "flake-utils": "flake-utils",
        "home-manager": "home-manager",
        "impermanence": "impermanence",
        "nixos-cn": "nixos-cn",
        "nixpkgs": "nixpkgs",
        "nixpkgs-libtorrent-rasterbar": "nixpkgs-libtorrent-rasterbar",
        "nixpkgs-qbittorrent-nox": "nixpkgs-qbittorrent-nox",
        "sops-nix": "sops-nix"
      }
    },
    "sops-nix": {
      "inputs": {
        "nixpkgs": [
          "nixpkgs"
        ],
        "nixpkgs-stable": "nixpkgs-stable"
      },
      "locked": {
        "lastModified": 1672543202,
        "narHash": "sha256-nlCUtcIZxaBqUBG1GyaXhZmfyG5WK4e6LqypP8llX9E=",
        "owner": "Mic92",
        "repo": "sops-nix",
        "rev": "b35586cc5abacd4eba9ead138b53e2a60920f781",
        "type": "github"
      },
      "original": {
        "owner": "Mic92",
        "repo": "sops-nix",
        "type": "github"
      }
    }
  },
  "root": "root",
  "version": 7
}
